
Microsoft Visual Studio Solution File, Format Version 12.00
# Visual Studio Version 17
VisualStudioVersion = 17.5.002.0
MinimumVisualStudioVersion = 10.0.40219.1
Project("{9A19103F-16F7-4668-BE54-9A1E7A4F7556}") = "WebUI", "WebUI.csproj", "{99DBC50D-07B3-498C-862E-07152F037AAD}"
EndProject
Global
	GlobalSection(SolutionConfigurationPlatforms) = preSolution
		Debug|Any CPU = Debug|Any CPU
		Release|Any CPU = Release|Any CPU
	EndGlobalSection
	GlobalSection(ProjectConfigurationPlatforms) = postSolution
		{99DBC50D-07B3-498C-862E-07152F037AAD}.Debug|Any CPU.ActiveCfg = Debug|Any CPU
		{99DBC50D-07B3-498C-862E-07152F037AAD}.Debug|Any CPU.Build.0 = Debug|Any CPU
		{99DBC50D-07B3-498C-862E-07152F037AAD}.Release|Any CPU.ActiveCfg = Release|Any CPU
		{99DBC50D-07B3-498C-862E-07152F037AAD}.Release|Any CPU.Build.0 = Release|Any CPU
	EndGlobalSection
	GlobalSection(SolutionProperties) = preSolution
		HideSolutionNode = FALSE
	EndGlobalSection
	GlobalSection(ExtensibilityGlobals) = postSolution
		SolutionGuid = {3515EE82-74EB-4388-9BE0-EE5F773D8819}
	EndGlobalSection
EndGlobal
