
Microsoft Visual Studio Solution File, Format Version 12.00
# Visual Studio Version 17
VisualStudioVersion = 17.11.35431.28
MinimumVisualStudioVersion = 10.0.40219.1
Project("{FAE04EC0-301F-11D3-BF4B-00C04F79EFBC}") = "Domain", "src\Core\Domain.csproj", "{75698B74-0706-4A72-B324-35DD34CB4D9B}"
EndProject
Project("{FAE04EC0-301F-11D3-BF4B-00C04F79EFBC}") = "Infrastructure", "src\Infrastructure\Infrastructure.csproj", "{3BB1AA4D-8C0A-4CD9-A46E-EE11BA90D1E6}"
EndProject
Project("{FAE04EC0-301F-11D3-BF4B-00C04F79EFBC}") = "WebUI", "src\WebUI\WebUI.csproj", "{DA791F1F-2D77-4307-B4A7-4469858964CF}"
EndProject
Project("{FAE04EC0-301F-11D3-BF4B-00C04F79EFBC}") = "cattery-v2.AppHost", "src\cattery-v2.AppHost\cattery-v2.AppHost.csproj", "{548EA96C-881F-44EF-A48D-1BB1C3364D2C}"
EndProject
Project("{FAE04EC0-301F-11D3-BF4B-00C04F79EFBC}") = "cattery-v2.ServiceDefaults", "src\cattery-v2.ServiceDefaults\cattery-v2.ServiceDefaults.csproj", "{233AC7A7-41D3-4DFD-A94E-819D8C56782E}"
EndProject
Project("{FAE04EC0-301F-11D3-BF4B-00C04F79EFBC}") = "Application", "src\UseCases\Application.csproj", "{82C3E114-2A33-409F-BD36-BA843FEC7E68}"
EndProject
Project("{FAE04EC0-301F-11D3-BF4B-00C04F79EFBC}") = "BuildingBlocks", "BuildingBlocks\BuildingBlocks.csproj", "{F67B9C56-2A4B-4760-A4C7-01589518FB34}"
EndProject
Project("{2150E333-8FDC-42A3-9474-1A3956D46DE8}") = "src", "src", "{4CB31DF9-B854-4C4B-B708-E3F0392F53A2}"
EndProject
Project("{2150E333-8FDC-42A3-9474-1A3956D46DE8}") = "tests", "tests", "{B0D27414-67D7-44FD-AF59-6BE5E1EE0345}"
EndProject
Project("{2150E333-8FDC-42A3-9474-1A3956D46DE8}") = "Aspire", "Aspire", "{9BD64346-D4FE-4A45-851A-76FF4ED8BD94}"
EndProject
Project("{2150E333-8FDC-42A3-9474-1A3956D46DE8}") = "UI", "UI", "{C694FC0B-DDD6-4537-A040-0F8EFC3E7064}"
EndProject
Project("{2150E333-8FDC-42A3-9474-1A3956D46DE8}") = "Infrascructure", "Infrascructure", "{011BFE5D-645F-41E1-B426-8CD6790EB03F}"
EndProject
Project("{2150E333-8FDC-42A3-9474-1A3956D46DE8}") = "Core", "Core", "{4F680661-36CD-4AFC-94E9-FCD864A032B7}"
EndProject
Project("{FAE04EC0-301F-11D3-BF4B-00C04F79EFBC}") = "AngularUI.Server", "src\AngularUI\AngularUI.Server\AngularUI.Server.csproj", "{ADDD99F4-A8BE-4074-85A5-B710B398C4A4}"
EndProject
Project("{54A90642-561A-4BB1-A94E-469ADEE60C69}") = "angularui.client", "src\AngularUI\angularui.client\angularui.client.esproj", "{420B7DB2-FD9D-4855-B924-28AFE4DB795B}"
EndProject
Global
	GlobalSection(SolutionConfigurationPlatforms) = preSolution
		Debug|Any CPU = Debug|Any CPU
		Release|Any CPU = Release|Any CPU
	EndGlobalSection
	GlobalSection(ProjectConfigurationPlatforms) = postSolution
		{75698B74-0706-4A72-B324-35DD34CB4D9B}.Debug|Any CPU.ActiveCfg = Debug|Any CPU
		{75698B74-0706-4A72-B324-35DD34CB4D9B}.Debug|Any CPU.Build.0 = Debug|Any CPU
		{75698B74-0706-4A72-B324-35DD34CB4D9B}.Release|Any CPU.ActiveCfg = Release|Any CPU
		{75698B74-0706-4A72-B324-35DD34CB4D9B}.Release|Any CPU.Build.0 = Release|Any CPU
		{3BB1AA4D-8C0A-4CD9-A46E-EE11BA90D1E6}.Debug|Any CPU.ActiveCfg = Debug|Any CPU
		{3BB1AA4D-8C0A-4CD9-A46E-EE11BA90D1E6}.Debug|Any CPU.Build.0 = Debug|Any CPU
		{3BB1AA4D-8C0A-4CD9-A46E-EE11BA90D1E6}.Release|Any CPU.ActiveCfg = Release|Any CPU
		{3BB1AA4D-8C0A-4CD9-A46E-EE11BA90D1E6}.Release|Any CPU.Build.0 = Release|Any CPU
		{DA791F1F-2D77-4307-B4A7-4469858964CF}.Debug|Any CPU.ActiveCfg = Debug|Any CPU
		{DA791F1F-2D77-4307-B4A7-4469858964CF}.Debug|Any CPU.Build.0 = Debug|Any CPU
		{DA791F1F-2D77-4307-B4A7-4469858964CF}.Release|Any CPU.ActiveCfg = Release|Any CPU
		{DA791F1F-2D77-4307-B4A7-4469858964CF}.Release|Any CPU.Build.0 = Release|Any CPU
		{548EA96C-881F-44EF-A48D-1BB1C3364D2C}.Debug|Any CPU.ActiveCfg = Debug|Any CPU
		{548EA96C-881F-44EF-A48D-1BB1C3364D2C}.Debug|Any CPU.Build.0 = Debug|Any CPU
		{548EA96C-881F-44EF-A48D-1BB1C3364D2C}.Release|Any CPU.ActiveCfg = Release|Any CPU
		{548EA96C-881F-44EF-A48D-1BB1C3364D2C}.Release|Any CPU.Build.0 = Release|Any CPU
		{233AC7A7-41D3-4DFD-A94E-819D8C56782E}.Debug|Any CPU.ActiveCfg = Debug|Any CPU
		{233AC7A7-41D3-4DFD-A94E-819D8C56782E}.Debug|Any CPU.Build.0 = Debug|Any CPU
		{233AC7A7-41D3-4DFD-A94E-819D8C56782E}.Release|Any CPU.ActiveCfg = Release|Any CPU
		{233AC7A7-41D3-4DFD-A94E-819D8C56782E}.Release|Any CPU.Build.0 = Release|Any CPU
		{82C3E114-2A33-409F-BD36-BA843FEC7E68}.Debug|Any CPU.ActiveCfg = Debug|Any CPU
		{82C3E114-2A33-409F-BD36-BA843FEC7E68}.Debug|Any CPU.Build.0 = Debug|Any CPU
		{82C3E114-2A33-409F-BD36-BA843FEC7E68}.Release|Any CPU.ActiveCfg = Release|Any CPU
		{82C3E114-2A33-409F-BD36-BA843FEC7E68}.Release|Any CPU.Build.0 = Release|Any CPU
		{F67B9C56-2A4B-4760-A4C7-01589518FB34}.Debug|Any CPU.ActiveCfg = Debug|Any CPU
		{F67B9C56-2A4B-4760-A4C7-01589518FB34}.Debug|Any CPU.Build.0 = Debug|Any CPU
		{F67B9C56-2A4B-4760-A4C7-01589518FB34}.Release|Any CPU.ActiveCfg = Release|Any CPU
		{F67B9C56-2A4B-4760-A4C7-01589518FB34}.Release|Any CPU.Build.0 = Release|Any CPU
		{ADDD99F4-A8BE-4074-85A5-B710B398C4A4}.Debug|Any CPU.ActiveCfg = Debug|Any CPU
		{ADDD99F4-A8BE-4074-85A5-B710B398C4A4}.Debug|Any CPU.Build.0 = Debug|Any CPU
		{ADDD99F4-A8BE-4074-85A5-B710B398C4A4}.Release|Any CPU.ActiveCfg = Release|Any CPU
		{ADDD99F4-A8BE-4074-85A5-B710B398C4A4}.Release|Any CPU.Build.0 = Release|Any CPU
		{420B7DB2-FD9D-4855-B924-28AFE4DB795B}.Debug|Any CPU.ActiveCfg = Debug|Any CPU
		{420B7DB2-FD9D-4855-B924-28AFE4DB795B}.Debug|Any CPU.Build.0 = Debug|Any CPU
		{420B7DB2-FD9D-4855-B924-28AFE4DB795B}.Debug|Any CPU.Deploy.0 = Debug|Any CPU
		{420B7DB2-FD9D-4855-B924-28AFE4DB795B}.Release|Any CPU.ActiveCfg = Release|Any CPU
		{420B7DB2-FD9D-4855-B924-28AFE4DB795B}.Release|Any CPU.Build.0 = Release|Any CPU
		{420B7DB2-FD9D-4855-B924-28AFE4DB795B}.Release|Any CPU.Deploy.0 = Release|Any CPU
	EndGlobalSection
	GlobalSection(SolutionProperties) = preSolution
		HideSolutionNode = FALSE
	EndGlobalSection
	GlobalSection(NestedProjects) = preSolution
		{75698B74-0706-4A72-B324-35DD34CB4D9B} = {4F680661-36CD-4AFC-94E9-FCD864A032B7}
		{3BB1AA4D-8C0A-4CD9-A46E-EE11BA90D1E6} = {011BFE5D-645F-41E1-B426-8CD6790EB03F}
		{DA791F1F-2D77-4307-B4A7-4469858964CF} = {C694FC0B-DDD6-4537-A040-0F8EFC3E7064}
		{548EA96C-881F-44EF-A48D-1BB1C3364D2C} = {9BD64346-D4FE-4A45-851A-76FF4ED8BD94}
		{233AC7A7-41D3-4DFD-A94E-819D8C56782E} = {9BD64346-D4FE-4A45-851A-76FF4ED8BD94}
		{82C3E114-2A33-409F-BD36-BA843FEC7E68} = {4F680661-36CD-4AFC-94E9-FCD864A032B7}
		{F67B9C56-2A4B-4760-A4C7-01589518FB34} = {4CB31DF9-B854-4C4B-B708-E3F0392F53A2}
		{9BD64346-D4FE-4A45-851A-76FF4ED8BD94} = {4CB31DF9-B854-4C4B-B708-E3F0392F53A2}
		{C694FC0B-DDD6-4537-A040-0F8EFC3E7064} = {4CB31DF9-B854-4C4B-B708-E3F0392F53A2}
		{011BFE5D-645F-41E1-B426-8CD6790EB03F} = {4CB31DF9-B854-4C4B-B708-E3F0392F53A2}
		{4F680661-36CD-4AFC-94E9-FCD864A032B7} = {4CB31DF9-B854-4C4B-B708-E3F0392F53A2}
		{ADDD99F4-A8BE-4074-85A5-B710B398C4A4} = {C694FC0B-DDD6-4537-A040-0F8EFC3E7064}
		{420B7DB2-FD9D-4855-B924-28AFE4DB795B} = {C694FC0B-DDD6-4537-A040-0F8EFC3E7064}
	EndGlobalSection
	GlobalSection(ExtensibilityGlobals) = postSolution
		SolutionGuid = {E04DCA83-995F-4F89-9E92-6E6A8E80C936}
	EndGlobalSection
EndGlobal
